
Microsoft Visual Studio Solution File, Format Version 12.00
# Visual Studio Version 17
VisualStudioVersion = 17.2.32630.192
MinimumVisualStudioVersion = 10.0.40219.1
Project("{9A19103F-16F7-4668-BE54-9A1E7A4F7556}") = "Encrypt", "ProjectCode\Encrypt.csproj", "{2C7912F1-E2A4-4735-8BD4-448B1D88FEDA}"
EndProject
Project("{9A19103F-16F7-4668-BE54-9A1E7A4F7556}") = "Encrypty.Tests", "ProjectTest\Encrypty.Tests.csproj", "{D7A045E4-4A8A-4A6D-B05A-1EDC5DC9B4F7}"
EndProject
Global
	GlobalSection(SolutionConfigurationPlatforms) = preSolution
		Debug|Any CPU = Debug|Any CPU
		Release|Any CPU = Release|Any CPU
	EndGlobalSection
	GlobalSection(ProjectConfigurationPlatforms) = postSolution
		{2C7912F1-E2A4-4735-8BD4-448B1D88FEDA}.Debug|Any CPU.ActiveCfg = Debug|Any CPU
		{2C7912F1-E2A4-4735-8BD4-448B1D88FEDA}.Debug|Any CPU.Build.0 = Debug|Any CPU
		{2C7912F1-E2A4-4735-8BD4-448B1D88FEDA}.Release|Any CPU.ActiveCfg = Release|Any CPU
		{2C7912F1-E2A4-4735-8BD4-448B1D88FEDA}.Release|Any CPU.Build.0 = Release|Any CPU
		{D7A045E4-4A8A-4A6D-B05A-1EDC5DC9B4F7}.Debug|Any CPU.ActiveCfg = Debug|Any CPU
		{D7A045E4-4A8A-4A6D-B05A-1EDC5DC9B4F7}.Debug|Any CPU.Build.0 = Debug|Any CPU
		{D7A045E4-4A8A-4A6D-B05A-1EDC5DC9B4F7}.Release|Any CPU.ActiveCfg = Release|Any CPU
		{D7A045E4-4A8A-4A6D-B05A-1EDC5DC9B4F7}.Release|Any CPU.Build.0 = Release|Any CPU
	EndGlobalSection
	GlobalSection(SolutionProperties) = preSolution
		HideSolutionNode = FALSE
	EndGlobalSection
	GlobalSection(ExtensibilityGlobals) = postSolution
		SolutionGuid = {CD566FA3-F7BD-4F08-AD2E-3F5E2DDCD6FA}
	EndGlobalSection
EndGlobal
